
Microsoft Visual Studio Solution File, Format Version 12.00
# Visual Studio Version 17
VisualStudioVersion = 17.12.35707.178 d17.12
MinimumVisualStudioVersion = 10.0.40219.1
Project("{FAE04EC0-301F-11D3-BF4B-00C04F79EFBC}") = "ESFE.DataAccess", "ESFE.DataAccess\ESFE.DataAccess.csproj", "{645EAEEF-D2F3-4F9A-97B2-AED9CE05EFF3}"
EndProject
Project("{FAE04EC0-301F-11D3-BF4B-00C04F79EFBC}") = "ESFE.Entities", "ESFE.Entities\ESFE.Entities.csproj", "{3CBEFE4F-F068-4A1A-B765-239FADAF7C43}"
EndProject
Project("{FAE04EC0-301F-11D3-BF4B-00C04F79EFBC}") = "ESFE.BusinessLogic", "ESFE.BusinessLogic\ESFE.BusinessLogic.csproj", "{FCD6D78C-D6EB-49C5-8DCF-47BAD8D1DDD1}"
EndProject
Project("{FAE04EC0-301F-11D3-BF4B-00C04F79EFBC}") = "ESFE.WebApplication", "ESFE.WebApplication\ESFE.WebApplication.csproj", "{90341DF2-D863-46A8-9742-93EDEAD4E7F8}"
EndProject
Global
	GlobalSection(SolutionConfigurationPlatforms) = preSolution
		Debug|Any CPU = Debug|Any CPU
		Release|Any CPU = Release|Any CPU
	EndGlobalSection
	GlobalSection(ProjectConfigurationPlatforms) = postSolution
		{645EAEEF-D2F3-4F9A-97B2-AED9CE05EFF3}.Debug|Any CPU.ActiveCfg = Debug|Any CPU
		{645EAEEF-D2F3-4F9A-97B2-AED9CE05EFF3}.Debug|Any CPU.Build.0 = Debug|Any CPU
		{645EAEEF-D2F3-4F9A-97B2-AED9CE05EFF3}.Release|Any CPU.ActiveCfg = Release|Any CPU
		{645EAEEF-D2F3-4F9A-97B2-AED9CE05EFF3}.Release|Any CPU.Build.0 = Release|Any CPU
		{3CBEFE4F-F068-4A1A-B765-239FADAF7C43}.Debug|Any CPU.ActiveCfg = Debug|Any CPU
		{3CBEFE4F-F068-4A1A-B765-239FADAF7C43}.Debug|Any CPU.Build.0 = Debug|Any CPU
		{3CBEFE4F-F068-4A1A-B765-239FADAF7C43}.Release|Any CPU.ActiveCfg = Release|Any CPU
		{3CBEFE4F-F068-4A1A-B765-239FADAF7C43}.Release|Any CPU.Build.0 = Release|Any CPU
		{FCD6D78C-D6EB-49C5-8DCF-47BAD8D1DDD1}.Debug|Any CPU.ActiveCfg = Debug|Any CPU
		{FCD6D78C-D6EB-49C5-8DCF-47BAD8D1DDD1}.Debug|Any CPU.Build.0 = Debug|Any CPU
		{FCD6D78C-D6EB-49C5-8DCF-47BAD8D1DDD1}.Release|Any CPU.ActiveCfg = Release|Any CPU
		{FCD6D78C-D6EB-49C5-8DCF-47BAD8D1DDD1}.Release|Any CPU.Build.0 = Release|Any CPU
		{90341DF2-D863-46A8-9742-93EDEAD4E7F8}.Debug|Any CPU.ActiveCfg = Debug|Any CPU
		{90341DF2-D863-46A8-9742-93EDEAD4E7F8}.Debug|Any CPU.Build.0 = Debug|Any CPU
		{90341DF2-D863-46A8-9742-93EDEAD4E7F8}.Release|Any CPU.ActiveCfg = Release|Any CPU
		{90341DF2-D863-46A8-9742-93EDEAD4E7F8}.Release|Any CPU.Build.0 = Release|Any CPU
	EndGlobalSection
	GlobalSection(SolutionProperties) = preSolution
		HideSolutionNode = FALSE
	EndGlobalSection
EndGlobal
